Microsoft Visual Studio Solution File, Format Version 12.00
# Visual Studio Version 17
VisualStudioVersion = 17.5.2.0
MinimumVisualStudioVersion = 10.0.40219.1
Project("{FAE04EC0-301F-11D3-BF4B-00C04F79EFBC}") = "ucgen-cizme", "ucgen-cizme.csproj", "{729A8B8F-8F72-927C-8CB7-C0279551CB3B}"
EndProject
Global
	GlobalSection(SolutionConfigurationPlatforms) = preSolution
		Debug|Any CPU = Debug|Any CPU
		Release|Any CPU = Release|Any CPU
	EndGlobalSection
	GlobalSection(ProjectConfigurationPlatforms) = postSolution
		{729A8B8F-8F72-927C-8CB7-C0279551CB3B}.Debug|Any CPU.ActiveCfg = Debug|Any CPU
		{729A8B8F-8F72-927C-8CB7-C0279551CB3B}.Debug|Any CPU.Build.0 = Debug|Any CPU
		{729A8B8F-8F72-927C-8CB7-C0279551CB3B}.Release|Any CPU.ActiveCfg = Release|Any CPU
		{729A8B8F-8F72-927C-8CB7-C0279551CB3B}.Release|Any CPU.Build.0 = Release|Any CPU
	EndGlobalSection
	GlobalSection(SolutionProperties) = preSolution
		HideSolutionNode = FALSE
	EndGlobalSection
	GlobalSection(ExtensibilityGlobals) = postSolution
		SolutionGuid = {8E54F580-8484-46DD-AADC-687F233E809C}
	EndGlobalSection
EndGlobal
