Microsoft Visual Studio Solution File, Format Version 12.00
# Visual Studio Version 17
VisualStudioVersion = 17.5.2.0
MinimumVisualStudioVersion = 10.0.40219.1
Project("{FAE04EC0-301F-11D3-BF4B-00C04F79EFBC}") = "karakter-degistirme", "karakter-degistirme.csproj", "{A9F4A2E1-9B98-CD25-6716-5FA870A8CB44}"
EndProject
Global
	GlobalSection(SolutionConfigurationPlatforms) = preSolution
		Debug|Any CPU = Debug|Any CPU
		Release|Any CPU = Release|Any CPU
	EndGlobalSection
	GlobalSection(ProjectConfigurationPlatforms) = postSolution
		{A9F4A2E1-9B98-CD25-6716-5FA870A8CB44}.Debug|Any CPU.ActiveCfg = Debug|Any CPU
		{A9F4A2E1-9B98-CD25-6716-5FA870A8CB44}.Debug|Any CPU.Build.0 = Debug|Any CPU
		{A9F4A2E1-9B98-CD25-6716-5FA870A8CB44}.Release|Any CPU.ActiveCfg = Release|Any CPU
		{A9F4A2E1-9B98-CD25-6716-5FA870A8CB44}.Release|Any CPU.Build.0 = Release|Any CPU
	EndGlobalSection
	GlobalSection(SolutionProperties) = preSolution
		HideSolutionNode = FALSE
	EndGlobalSection
	GlobalSection(ExtensibilityGlobals) = postSolution
		SolutionGuid = {A40BE489-46BB-4004-9DDF-6180C1D6CC25}
	EndGlobalSection
EndGlobal
