Microsoft Visual Studio Solution File, Format Version 12.00
# Visual Studio Version 17
VisualStudioVersion = 17.5.2.0
MinimumVisualStudioVersion = 10.0.40219.1
Project("{FAE04EC0-301F-11D3-BF4B-00C04F79EFBC}") = "Barcode-Generator-Reader", "Barcode-Generator-Reader.csproj", "{6A07844F-CACE-9AC2-6803-217D9A6EA9F3}"
EndProject
Global
	GlobalSection(SolutionConfigurationPlatforms) = preSolution
		Debug|Any CPU = Debug|Any CPU
		Release|Any CPU = Release|Any CPU
	EndGlobalSection
	GlobalSection(ProjectConfigurationPlatforms) = postSolution
		{6A07844F-CACE-9AC2-6803-217D9A6EA9F3}.Debug|Any CPU.ActiveCfg = Debug|Any CPU
		{6A07844F-CACE-9AC2-6803-217D9A6EA9F3}.Debug|Any CPU.Build.0 = Debug|Any CPU
		{6A07844F-CACE-9AC2-6803-217D9A6EA9F3}.Release|Any CPU.ActiveCfg = Release|Any CPU
		{6A07844F-CACE-9AC2-6803-217D9A6EA9F3}.Release|Any CPU.Build.0 = Release|Any CPU
	EndGlobalSection
	GlobalSection(SolutionProperties) = preSolution
		HideSolutionNode = FALSE
	EndGlobalSection
	GlobalSection(ExtensibilityGlobals) = postSolution
		SolutionGuid = {23497E5E-C125-44ED-9976-678E3D6E7BE0}
	EndGlobalSection
EndGlobal
