Microsoft Visual Studio Solution File, Format Version 12.00
# Visual Studio Version 17
VisualStudioVersion = 17.5.2.0
MinimumVisualStudioVersion = 10.0.40219.1
Project("{FAE04EC0-301F-11D3-BF4B-00C04F79EFBC}") = "ortalama-hesaplama", "ortalama-hesaplama.csproj", "{7D5E2ACE-AEBC-45F4-65C1-C486B7BB04C1}"
EndProject
Global
	GlobalSection(SolutionConfigurationPlatforms) = preSolution
		Debug|Any CPU = Debug|Any CPU
		Release|Any CPU = Release|Any CPU
	EndGlobalSection
	GlobalSection(ProjectConfigurationPlatforms) = postSolution
		{7D5E2ACE-AEBC-45F4-65C1-C486B7BB04C1}.Debug|Any CPU.ActiveCfg = Debug|Any CPU
		{7D5E2ACE-AEBC-45F4-65C1-C486B7BB04C1}.Debug|Any CPU.Build.0 = Debug|Any CPU
		{7D5E2ACE-AEBC-45F4-65C1-C486B7BB04C1}.Release|Any CPU.ActiveCfg = Release|Any CPU
		{7D5E2ACE-AEBC-45F4-65C1-C486B7BB04C1}.Release|Any CPU.Build.0 = Release|Any CPU
	EndGlobalSection
	GlobalSection(SolutionProperties) = preSolution
		HideSolutionNode = FALSE
	EndGlobalSection
	GlobalSection(ExtensibilityGlobals) = postSolution
		SolutionGuid = {93B0C136-CAEF-4A8A-A471-73ED27ABF37F}
	EndGlobalSection
EndGlobal
