Microsoft Visual Studio Solution File, Format Version 12.00
# Visual Studio Version 17
VisualStudioVersion = 17.5.2.0
MinimumVisualStudioVersion = 10.0.40219.1
Project("{FAE04EC0-301F-11D3-BF4B-00C04F79EFBC}") = "alan-hesapla", "alan-hesapla.csproj", "{48D020FF-00B4-B1E2-8430-47708C73D155}"
EndProject
Global
	GlobalSection(SolutionConfigurationPlatforms) = preSolution
		Debug|Any CPU = Debug|Any CPU
		Release|Any CPU = Release|Any CPU
	EndGlobalSection
	GlobalSection(ProjectConfigurationPlatforms) = postSolution
		{48D020FF-00B4-B1E2-8430-47708C73D155}.Debug|Any CPU.ActiveCfg = Debug|Any CPU
		{48D020FF-00B4-B1E2-8430-47708C73D155}.Debug|Any CPU.Build.0 = Debug|Any CPU
		{48D020FF-00B4-B1E2-8430-47708C73D155}.Release|Any CPU.ActiveCfg = Release|Any CPU
		{48D020FF-00B4-B1E2-8430-47708C73D155}.Release|Any CPU.Build.0 = Release|Any CPU
	EndGlobalSection
	GlobalSection(SolutionProperties) = preSolution
		HideSolutionNode = FALSE
	EndGlobalSection
	GlobalSection(ExtensibilityGlobals) = postSolution
		SolutionGuid = {681C6EEF-574E-4FD3-A9D6-2B81FAE9F1D3}
	EndGlobalSection
EndGlobal
