Microsoft Visual Studio Solution File, Format Version 12.00
# Visual Studio Version 17
VisualStudioVersion = 17.5.2.0
MinimumVisualStudioVersion = 10.0.40219.1
Project("{FAE04EC0-301F-11D3-BF4B-00C04F79EFBC}") = "integer-ikilileri-topla", "integer-ikilileri-topla.csproj", "{ACE1C4A8-5739-8586-2C54-81B7E73BAD15}"
EndProject
Global
	GlobalSection(SolutionConfigurationPlatforms) = preSolution
		Debug|Any CPU = Debug|Any CPU
		Release|Any CPU = Release|Any CPU
	EndGlobalSection
	GlobalSection(ProjectConfigurationPlatforms) = postSolution
		{ACE1C4A8-5739-8586-2C54-81B7E73BAD15}.Debug|Any CPU.ActiveCfg = Debug|Any CPU
		{ACE1C4A8-5739-8586-2C54-81B7E73BAD15}.Debug|Any CPU.Build.0 = Debug|Any CPU
		{ACE1C4A8-5739-8586-2C54-81B7E73BAD15}.Release|Any CPU.ActiveCfg = Release|Any CPU
		{ACE1C4A8-5739-8586-2C54-81B7E73BAD15}.Release|Any CPU.Build.0 = Release|Any CPU
	EndGlobalSection
	GlobalSection(SolutionProperties) = preSolution
		HideSolutionNode = FALSE
	EndGlobalSection
	GlobalSection(ExtensibilityGlobals) = postSolution
		SolutionGuid = {7B5D3302-7B09-4933-9A2D-1C7011DD9C22}
	EndGlobalSection
EndGlobal
