Microsoft Visual Studio Solution File, Format Version 12.00
# Visual Studio Version 17
VisualStudioVersion = 17.5.2.0
MinimumVisualStudioVersion = 10.0.40219.1
Project("{FAE04EC0-301F-11D3-BF4B-00C04F79EFBC}") = "Hata-Yonetimi", "Hata-Yonetimi.csproj", "{4F181486-7E52-9602-1454-C7F75F39F84B}"
EndProject
Global
	GlobalSection(SolutionConfigurationPlatforms) = preSolution
		Debug|Any CPU = Debug|Any CPU
		Release|Any CPU = Release|Any CPU
	EndGlobalSection
	GlobalSection(ProjectConfigurationPlatforms) = postSolution
		{4F181486-7E52-9602-1454-C7F75F39F84B}.Debug|Any CPU.ActiveCfg = Debug|Any CPU
		{4F181486-7E52-9602-1454-C7F75F39F84B}.Debug|Any CPU.Build.0 = Debug|Any CPU
		{4F181486-7E52-9602-1454-C7F75F39F84B}.Release|Any CPU.ActiveCfg = Release|Any CPU
		{4F181486-7E52-9602-1454-C7F75F39F84B}.Release|Any CPU.Build.0 = Release|Any CPU
	EndGlobalSection
	GlobalSection(SolutionProperties) = preSolution
		HideSolutionNode = FALSE
	EndGlobalSection
	GlobalSection(ExtensibilityGlobals) = postSolution
		SolutionGuid = {C8955A01-ACC5-4213-9365-2B56CF222561}
	EndGlobalSection
EndGlobal
